
Microsoft Visual Studio Solution File, Format Version 12.00
# Visual Studio 15
VisualStudioVersion = 15.0.28307.902
MinimumVisualStudioVersion = 10.0.40219.1
Project("{FAE04EC0-301F-11D3-BF4B-00C04F79EFBC}") = "WebjetMovieFactory", "WebjetMovieFactory\WebjetMovieFactory.csproj", "{2F24FC12-D50F-4270-B94D-2EB9C468C288}"
EndProject
Global
	GlobalSection(SolutionConfigurationPlatforms) = preSolution
		Debug|Any CPU = Debug|Any CPU
		Release|Any CPU = Release|Any CPU
	EndGlobalSection
	GlobalSection(ProjectConfigurationPlatforms) = postSolution
		{2F24FC12-D50F-4270-B94D-2EB9C468C288}.Debug|Any CPU.ActiveCfg = Debug|Any CPU
		{2F24FC12-D50F-4270-B94D-2EB9C468C288}.Debug|Any CPU.Build.0 = Debug|Any CPU
		{2F24FC12-D50F-4270-B94D-2EB9C468C288}.Release|Any CPU.ActiveCfg = Release|Any CPU
		{2F24FC12-D50F-4270-B94D-2EB9C468C288}.Release|Any CPU.Build.0 = Release|Any CPU
	EndGlobalSection
	GlobalSection(SolutionProperties) = preSolution
		HideSolutionNode = FALSE
	EndGlobalSection
	GlobalSection(ExtensibilityGlobals) = postSolution
		SolutionGuid = {B1315F40-95CA-4E20-B5E2-9E82F5ED7D40}
	EndGlobalSection
EndGlobal
